
Microsoft Visual Studio Solution File, Format Version 12.00
# Visual Studio Version 17
VisualStudioVersion = 17.7.34221.43
MinimumVisualStudioVersion = 10.0.40219.1
Project("{9A19103F-16F7-4668-BE54-9A1E7A4F7556}") = "distributedsystemsproject", "distributedsystemsproject\distributedsystemsproject.csproj", "{90A3801A-45BF-4BF2-8839-794D9EB2F740}"
EndProject
Project("{2150E333-8FDC-42A3-9474-1A3956D46DE8}") = "backend", "backend", "{F51FE550-B052-4154-A375-C90C609E1A01}"
EndProject
Global
	GlobalSection(SolutionConfigurationPlatforms) = preSolution
		Debug|Any CPU = Debug|Any CPU
		Release|Any CPU = Release|Any CPU
	EndGlobalSection
	GlobalSection(ProjectConfigurationPlatforms) = postSolution
		{90A3801A-45BF-4BF2-8839-794D9EB2F740}.Debug|Any CPU.ActiveCfg = Debug|Any CPU
		{90A3801A-45BF-4BF2-8839-794D9EB2F740}.Debug|Any CPU.Build.0 = Debug|Any CPU
		{90A3801A-45BF-4BF2-8839-794D9EB2F740}.Release|Any CPU.ActiveCfg = Release|Any CPU
		{90A3801A-45BF-4BF2-8839-794D9EB2F740}.Release|Any CPU.Build.0 = Release|Any CPU
	EndGlobalSection
	GlobalSection(SolutionProperties) = preSolution
		HideSolutionNode = FALSE
	EndGlobalSection
	GlobalSection(ExtensibilityGlobals) = postSolution
		SolutionGuid = {3EA6B233-73AE-4B15-95C1-46DC2DA05896}
	EndGlobalSection
EndGlobal
